
Microsoft Visual Studio Solution File, Format Version 12.00
# Visual Studio 15
VisualStudioVersion = 15.0.28010.2026
MinimumVisualStudioVersion = 10.0.40219.1
Project("{FAE04EC0-301F-11D3-BF4B-00C04F79EFBC}") = "BovinosTest", "BovinosTest\BovinosTest.csproj", "{68182746-494E-4DA0-A0A8-BFD7D1C8FC72}"
EndProject
Project("{FAE04EC0-301F-11D3-BF4B-00C04F79EFBC}") = "Controladores", "Controladores\Controladores.csproj", "{A373D503-183E-4724-A6D9-7847F1A40BD1}"
EndProject
Project("{FAE04EC0-301F-11D3-BF4B-00C04F79EFBC}") = "Modelos", "Modelos\Modelos.csproj", "{B3CFE333-6F25-4DB3-B403-2D315D62EB2D}"
EndProject
Global
	GlobalSection(SolutionConfigurationPlatforms) = preSolution
		Debug|Any CPU = Debug|Any CPU
		Release|Any CPU = Release|Any CPU
	EndGlobalSection
	GlobalSection(ProjectConfigurationPlatforms) = postSolution
		{68182746-494E-4DA0-A0A8-BFD7D1C8FC72}.Debug|Any CPU.ActiveCfg = Debug|Any CPU
		{68182746-494E-4DA0-A0A8-BFD7D1C8FC72}.Debug|Any CPU.Build.0 = Debug|Any CPU
		{68182746-494E-4DA0-A0A8-BFD7D1C8FC72}.Release|Any CPU.ActiveCfg = Release|Any CPU
		{68182746-494E-4DA0-A0A8-BFD7D1C8FC72}.Release|Any CPU.Build.0 = Release|Any CPU
		{A373D503-183E-4724-A6D9-7847F1A40BD1}.Debug|Any CPU.ActiveCfg = Debug|Any CPU
		{A373D503-183E-4724-A6D9-7847F1A40BD1}.Debug|Any CPU.Build.0 = Debug|Any CPU
		{A373D503-183E-4724-A6D9-7847F1A40BD1}.Release|Any CPU.ActiveCfg = Release|Any CPU
		{A373D503-183E-4724-A6D9-7847F1A40BD1}.Release|Any CPU.Build.0 = Release|Any CPU
		{B3CFE333-6F25-4DB3-B403-2D315D62EB2D}.Debug|Any CPU.ActiveCfg = Debug|Any CPU
		{B3CFE333-6F25-4DB3-B403-2D315D62EB2D}.Debug|Any CPU.Build.0 = Debug|Any CPU
		{B3CFE333-6F25-4DB3-B403-2D315D62EB2D}.Release|Any CPU.ActiveCfg = Release|Any CPU
		{B3CFE333-6F25-4DB3-B403-2D315D62EB2D}.Release|Any CPU.Build.0 = Release|Any CPU
	EndGlobalSection
	GlobalSection(SolutionProperties) = preSolution
		HideSolutionNode = FALSE
	EndGlobalSection
	GlobalSection(ExtensibilityGlobals) = postSolution
		SolutionGuid = {E37854B8-5AF1-4D5C-94DC-057FDDEB3943}
	EndGlobalSection
EndGlobal
